{
  "packages": [
    {
      "name": "drupal/core",
      "version": "11.2.3",
      "type": "drupal-core"
    },
    {
      "name": "drupal/core-recommended",
      "version": "11.2.3",
      "type": "metapackage"
    },
    {
      "name": "drupal/webform",
      "version": "6.2.8",
      "type": "drupal-module"
    }
  ],
  "packages-dev": []
}
